// !$*UTF8*$!
{
	archiveVersion = 1;
	classes = {
	};
	objectVersion = 46;
	objects = {

/* Begin PBXBuildFile section */
		F447917F1C0A2BD5002CF94F /* AppDelegate.swift in Sources */ = {isa = PBXBuildFile; fileRef = F447917E1C0A2BD5002CF94F /* AppDelegate.swift */; };
		F44791811C0A2BD5002CF94F /* ViewControllerLogin.swift in Sources */ = {isa = PBXBuildFile; fileRef = F44791801C0A2BD5002CF94F /* ViewControllerLogin.swift */; };
		F44791841C0A2BD5002CF94F /* Main.storyboard in Resources */ = {isa = PBXBuildFile; fileRef = F44791821C0A2BD5002CF94F /* Main.storyboard */; };
		F44791861C0A2BD5002CF94F /* Assets.xcassets in Resources */ = {isa = PBXBuildFile; fileRef = F44791851C0A2BD5002CF94F /* Assets.xcassets */; };
		F44791891C0A2BD5002CF94F /* LaunchScreen.storyboard in Resources */ = {isa = PBXBuildFile; fileRef = F44791871C0A2BD5002CF94F /* LaunchScreen.storyboard */; };
		F4A43CFC1C0B63220032D9DE /* Udacity.swift in Sources */ = {isa = PBXBuildFile; fileRef = F4A43CFB1C0B63220032D9DE /* Udacity.swift */; };
		F4B774D81C0E601B00DABD5A /* facebook_blue.png in Resources */ = {isa = PBXBuildFile; fileRef = F4B774D71C0E601B00DABD5A /* facebook_blue.png */; };
		F4B774E31C0E70AC00DABD5A /* Default-568h@2x.png in Resources */ = {isa = PBXBuildFile; fileRef = F4B774E21C0E70AC00DABD5A /* Default-568h@2x.png */; };
		F4B774E61C0E907100DABD5A /* FBSDKCoreKit.framework in Frameworks */ = {isa = PBXBuildFile; fileRef = F4B774E41C0E907100DABD5A /* FBSDKCoreKit.framework */; };
		F4B774E71C0E907100DABD5A /* FBSDKLoginKit.framework in Frameworks */ = {isa = PBXBuildFile; fileRef = F4B774E51C0E907100DABD5A /* FBSDKLoginKit.framework */; };
		F4DA7F901C0B868A0090D55C /* ViewControllerMap.swift in Sources */ = {isa = PBXBuildFile; fileRef = F4DA7F8F1C0B868A0090D55C /* ViewControllerMap.swift */; };
		F4DA7F921C0B86C60090D55C /* ViewControllerTable.swift in Sources */ = {isa = PBXBuildFile; fileRef = F4DA7F911C0B86C60090D55C /* ViewControllerTable.swift */; };
		F4DA7F941C0B87290090D55C /* ViewControllerInput.swift in Sources */ = {isa = PBXBuildFile; fileRef = F4DA7F931C0B87290090D55C /* ViewControllerInput.swift */; };
		F4DA7F961C0B87D50090D55C /* Parse.swift in Sources */ = {isa = PBXBuildFile; fileRef = F4DA7F951C0B87D50090D55C /* Parse.swift */; };
		F4DA7F981C0B88540090D55C /* Request.swift in Sources */ = {isa = PBXBuildFile; fileRef = F4DA7F971C0B88540090D55C /* Request.swift */; };
		F4DA7F9A1C0C0F9F0090D55C /* studentModel.swift in Sources */ = {isa = PBXBuildFile; fileRef = F4DA7F991C0C0F9F0090D55C /* studentModel.swift */; };
		F4DA7F9C1C0C0FC20090D55C /* studentStruct.swift in Sources */ = {isa = PBXBuildFile; fileRef = F4DA7F9B1C0C0FC20090D55C /* studentStruct.swift */; };
		F4DA7F9E1C0CBB030090D55C /* userPin.swift in Sources */ = {isa = PBXBuildFile; fileRef = F4DA7F9D1C0CBB030090D55C /* userPin.swift */; };
/* End PBXBuildFile section */

/* Begin PBXFileReference section */
		F447917B1C0A2BD5002CF94F /* OnTheMap.app */ = {isa = PBXFileReference; explicitFileType = wrapper.application; includeInIndex = 0; path = OnTheMap.app; sourceTree = BUILT_PRODUCTS_DIR; };
		F447917E1C0A2BD5002CF94F /* AppDelegate.swift */ = {isa = PBXFileReference; lastKnownFileType = sourcecode.swift; path = AppDelegate.swift; sourceTree = "<group>"; };
		F44791801C0A2BD5002CF94F /* ViewControllerLogin.swift */ = {isa = PBXFileReference; lastKnownFileType = sourcecode.swift; path = ViewControllerLogin.swift; sourceTree = "<group>"; };
		F44791831C0A2BD5002CF94F /* Base */ = {isa = PBXFileReference; lastKnownFileType = file.storyboard; name = Base; path = Base.lproj/Main.storyboard; sourceTree = "<group>"; };
		F44791851C0A2BD5002CF94F /* Assets.xcassets */ = {isa = PBXFileReference; lastKnownFileType = folder.assetcatalog; path = Assets.xcassets; sourceTree = "<group>"; };
		F44791881C0A2BD5002CF94F /* Base */ = {isa = PBXFileReference; lastKnownFileType = file.storyboard; name = Base; path = Base.lproj/LaunchScreen.storyboard; sourceTree = "<group>"; };
		F447918A1C0A2BD5002CF94F /* Info.plist */ = {isa = PBXFileReference; lastKnownFileType = text.plist.xml; path = Info.plist; sourceTree = "<group>"; };
		F4A43CFB1C0B63220032D9DE /* Udacity.swift */ = {isa = PBXFileReference; fileEncoding = 4; lastKnownFileType = sourcecode.swift; path = Udacity.swift; sourceTree = "<group>"; };
		F4B774D71C0E601B00DABD5A /* facebook_blue.png */ = {isa = PBXFileReference; lastKnownFileType = image.png; path = facebook_blue.png; sourceTree = "<group>"; };
		F4B774E21C0E70AC00DABD5A /* Default-568h@2x.png */ = {isa = PBXFileReference; lastKnownFileType = image.png; path = "Default-568h@2x.png"; sourceTree = "<group>"; };
		F4B774E41C0E907100DABD5A /* FBSDKCoreKit.framework */ = {isa = PBXFileReference; lastKnownFileType = wrapper.framework; path = FBSDKCoreKit.framework; sourceTree = "<group>"; };
		F4B774E51C0E907100DABD5A /* FBSDKLoginKit.framework */ = {isa = PBXFileReference; lastKnownFileType = wrapper.framework; path = FBSDKLoginKit.framework; sourceTree = "<group>"; };
		F4DA7F8C1C0B7AB60090D55C /* Roboto-Medium.ttf */ = {isa = PBXFileReference; lastKnownFileType = file; path = "Roboto-Medium.ttf"; sourceTree = "<group>"; };
		F4DA7F8D1C0B7AB60090D55C /* Roboto-Regular.ttf */ = {isa = PBXFileReference; lastKnownFileType = file; path = "Roboto-Regular.ttf"; sourceTree = "<group>"; };
		F4DA7F8E1C0B7AB60090D55C /* Roboto-Thin.ttf */ = {isa = PBXFileReference; lastKnownFileType = file; path = "Roboto-Thin.ttf"; sourceTree = "<group>"; };
		F4DA7F8F1C0B868A0090D55C /* ViewControllerMap.swift */ = {isa = PBXFileReference; fileEncoding = 4; lastKnownFileType = sourcecode.swift; path = ViewControllerMap.swift; sourceTree = "<group>"; };
		F4DA7F911C0B86C60090D55C /* ViewControllerTable.swift */ = {isa = PBXFileReference; fileEncoding = 4; lastKnownFileType = sourcecode.swift; path = ViewControllerTable.swift; sourceTree = "<group>"; };
		F4DA7F931C0B87290090D55C /* ViewControllerInput.swift */ = {isa = PBXFileReference; fileEncoding = 4; lastKnownFileType = sourcecode.swift; path = ViewControllerInput.swift; sourceTree = "<group>"; };
		F4DA7F951C0B87D50090D55C /* Parse.swift */ = {isa = PBXFileReference; fileEncoding = 4; lastKnownFileType = sourcecode.swift; path = Parse.swift; sourceTree = "<group>"; };
		F4DA7F971C0B88540090D55C /* Request.swift */ = {isa = PBXFileReference; fileEncoding = 4; lastKnownFileType = sourcecode.swift; path = Request.swift; sourceTree = "<group>"; };
		F4DA7F991C0C0F9F0090D55C /* studentModel.swift */ = {isa = PBXFileReference; fileEncoding = 4; lastKnownFileType = sourcecode.swift; path = studentModel.swift; sourceTree = "<group>"; };
		F4DA7F9B1C0C0FC20090D55C /* studentStruct.swift */ = {isa = PBXFileReference; fileEncoding = 4; lastKnownFileType = sourcecode.swift; name = studentStruct.swift; path = ../studentStruct.swift; sourceTree = "<group>"; };
		F4DA7F9D1C0CBB030090D55C /* userPin.swift */ = {isa = PBXFileReference; fileEncoding = 4; lastKnownFileType = sourcecode.swift; path = userPin.swift; sourceTree = "<group>"; };
/* End PBXFileReference section */

/* Begin PBXFrameworksBuildPhase section */
		F44791781C0A2BD5002CF94F /* Frameworks */ = {
			isa = PBXFrameworksBuildPhase;
			buildActionMask = 2147483647;
			files = (
				F4B774E71C0E907100DABD5A /* FBSDKLoginKit.framework in Frameworks */,
				F4B774E61C0E907100DABD5A /* FBSDKCoreKit.framework in Frameworks */,
			);
			runOnlyForDeploymentPostprocessing = 0;
		};
/* End PBXFrameworksBuildPhase section */

/* Begin PBXGroup section */
		F44791721C0A2BD5002CF94F = {
			isa = PBXGroup;
			children = (
				F4B774E21C0E70AC00DABD5A /* Default-568h@2x.png */,
				F4B774E11C0E653600DABD5A /* Frameworks */,
				F447917D1C0A2BD5002CF94F /* OnTheMap */,
				F447917C1C0A2BD5002CF94F /* Products */,
			);
			sourceTree = "<group>";
		};
		F447917C1C0A2BD5002CF94F /* Products */ = {
			isa = PBXGroup;
			children = (
				F447917B1C0A2BD5002CF94F /* OnTheMap.app */,
			);
			name = Products;
			sourceTree = "<group>";
		};
		F447917D1C0A2BD5002CF94F /* OnTheMap */ = {
			isa = PBXGroup;
			children = (
				F4A43CF71C0B4DC60032D9DE /* View */,
				F4A43CF91C0B4DE50032D9DE /* Controller */,
				F4A43CF61C0B4DC10032D9DE /* Model */,
				F4A43CFA1C0B4E440032D9DE /* Other */,
			);
			path = OnTheMap;
			sourceTree = "<group>";
		};
		F4A43CF61C0B4DC10032D9DE /* Model */ = {
			isa = PBXGroup;
			children = (
				F4DA7F991C0C0F9F0090D55C /* studentModel.swift */,
				F4DA7F9B1C0C0FC20090D55C /* studentStruct.swift */,
				F4DA7F9D1C0CBB030090D55C /* userPin.swift */,
				F4DA7F971C0B88540090D55C /* Request.swift */,
				F4A43CFB1C0B63220032D9DE /* Udacity.swift */,
				F4DA7F951C0B87D50090D55C /* Parse.swift */,
			);
			name = Model;
			sourceTree = "<group>";
		};
		F4A43CF71C0B4DC60032D9DE /* View */ = {
			isa = PBXGroup;
			children = (
				F44791821C0A2BD5002CF94F /* Main.storyboard */,
			);
			name = View;
			sourceTree = "<group>";
		};
		F4A43CF91C0B4DE50032D9DE /* Controller */ = {
			isa = PBXGroup;
			children = (
				F44791801C0A2BD5002CF94F /* ViewControllerLogin.swift */,
				F4DA7F8F1C0B868A0090D55C /* ViewControllerMap.swift */,
				F4DA7F911C0B86C60090D55C /* ViewControllerTable.swift */,
				F4DA7F931C0B87290090D55C /* ViewControllerInput.swift */,
			);
			name = Controller;
			sourceTree = "<group>";
		};
		F4A43CFA1C0B4E440032D9DE /* Other */ = {
			isa = PBXGroup;
			children = (
				F447917E1C0A2BD5002CF94F /* AppDelegate.swift */,
				F4B774D71C0E601B00DABD5A /* facebook_blue.png */,
				F44791851C0A2BD5002CF94F /* Assets.xcassets */,
				F44791871C0A2BD5002CF94F /* LaunchScreen.storyboard */,
				F447918A1C0A2BD5002CF94F /* Info.plist */,
				F4DA7F8C1C0B7AB60090D55C /* Roboto-Medium.ttf */,
				F4DA7F8D1C0B7AB60090D55C /* Roboto-Regular.ttf */,
				F4DA7F8E1C0B7AB60090D55C /* Roboto-Thin.ttf */,
			);
			name = Other;
			sourceTree = "<group>";
		};
		F4B774E11C0E653600DABD5A /* Frameworks */ = {
			isa = PBXGroup;
			children = (
				F4B774E41C0E907100DABD5A /* FBSDKCoreKit.framework */,
				F4B774E51C0E907100DABD5A /* FBSDKLoginKit.framework */,
			);
			name = Frameworks;
			sourceTree = "<group>";
		};
/* End PBXGroup section */

/* Begin PBXNativeTarget section */
		F447917A1C0A2BD5002CF94F /* OnTheMap */ = {
			isa = PBXNativeTarget;
			buildConfigurationList = F447918D1C0A2BD5002CF94F /* Build configuration list for PBXNativeTarget "OnTheMap" */;
			buildPhases = (
				F44791771C0A2BD5002CF94F /* Sources */,
				F44791781C0A2BD5002CF94F /* Frameworks */,
				F44791791C0A2BD5002CF94F /* Resources */,
			);
			buildRules = (
			);
			dependencies = (
			);
			name = OnTheMap;
			productName = OnTheMap;
			productReference = F447917B1C0A2BD5002CF94F /* OnTheMap.app */;
			productType = "com.apple.product-type.application";
		};
/* End PBXNativeTarget section */

/* Begin PBXProject section */
		F44791731C0A2BD5002CF94F /* Project object */ = {
			isa = PBXProject;
			attributes = {
				LastSwiftUpdateCheck = 0710;
				LastUpgradeCheck = 0710;
				ORGANIZATIONNAME = "Timo Krall";
				TargetAttributes = {
					F447917A1C0A2BD5002CF94F = {
						CreatedOnToolsVersion = 7.1.1;
						DevelopmentTeam = QLY7A9LSKQ;
					};
				};
			};
			buildConfigurationList = F44791761C0A2BD5002CF94F /* Build configuration list for PBXProject "OnTheMap" */;
			compatibilityVersion = "Xcode 3.2";
			developmentRegion = English;
			hasScannedForEncodings = 0;
			knownRegions = (
				en,
				Base,
			);
			mainGroup = F44791721C0A2BD5002CF94F;
			productRefGroup = F447917C1C0A2BD5002CF94F /* Products */;
			projectDirPath = "";
			projectRoot = "";
			targets = (
				F447917A1C0A2BD5002CF94F /* OnTheMap */,
			);
		};
/* End PBXProject section */

/* Begin PBXResourcesBuildPhase section */
		F44791791C0A2BD5002CF94F /* Resources */ = {
			isa = PBXResourcesBuildPhase;
			buildActionMask = 2147483647;
			files = (
				F44791891C0A2BD5002CF94F /* LaunchScreen.storyboard in Resources */,
				F4B774D81C0E601B00DABD5A /* facebook_blue.png in Resources */,
				F44791861C0A2BD5002CF94F /* Assets.xcassets in Resources */,
				F4B774E31C0E70AC00DABD5A /* Default-568h@2x.png in Resources */,
				F44791841C0A2BD5002CF94F /* Main.storyboard in Resources */,
			);
			runOnlyForDeploymentPostprocessing = 0;
		};
/* End PBXResourcesBuildPhase section */

/* Begin PBXSourcesBuildPhase section */
		F44791771C0A2BD5002CF94F /* Sources */ = {
			isa = PBXSourcesBuildPhase;
			buildActionMask = 2147483647;
			files = (
				F4DA7F9A1C0C0F9F0090D55C /* studentModel.swift in Sources */,
				F44791811C0A2BD5002CF94F /* ViewControllerLogin.swift in Sources */,
				F4DA7F9E1C0CBB030090D55C /* userPin.swift in Sources */,
				F4DA7F981C0B88540090D55C /* Request.swift in Sources */,
				F4DA7F941C0B87290090D55C /* ViewControllerInput.swift in Sources */,
				F4DA7F921C0B86C60090D55C /* ViewControllerTable.swift in Sources */,
				F4DA7F9C1C0C0FC20090D55C /* studentStruct.swift in Sources */,
				F447917F1C0A2BD5002CF94F /* AppDelegate.swift in Sources */,
				F4A43CFC1C0B63220032D9DE /* Udacity.swift in Sources */,
				F4DA7F961C0B87D50090D55C /* Parse.swift in Sources */,
				F4DA7F901C0B868A0090D55C /* ViewControllerMap.swift in Sources */,
			);
			runOnlyForDeploymentPostprocessing = 0;
		};
/* End PBXSourcesBuildPhase section */

/* Begin PBXVariantGroup section */
		F44791821C0A2BD5002CF94F /* Main.storyboard */ = {
			isa = PBXVariantGroup;
			children = (
				F44791831C0A2BD5002CF94F /* Base */,
			);
			name = Main.storyboard;
			sourceTree = "<group>";
		};
		F44791871C0A2BD5002CF94F /* LaunchScreen.storyboard */ = {
			isa = PBXVariantGroup;
			children = (
				F44791881C0A2BD5002CF94F /* Base */,
			);
			name = LaunchScreen.storyboard;
			sourceTree = "<group>";
		};
/* End PBXVariantGroup section */

/* Begin XCBuildConfiguration section */
		F447918B1C0A2BD5002CF94F /* Debug */ = {
			isa = XCBuildConfiguration;
			buildSettings = {
				ALWAYS_SEARCH_USER_PATHS = NO;
				CLANG_CXX_LANGUAGE_STANDARD = "gnu++0x";
				CLANG_CXX_LIBRARY = "libc++";
				CLANG_ENABLE_MODULES = YES;
				CLANG_ENABLE_OBJC_ARC = YES;
				CLANG_WARN_BOOL_CONVERSION = YES;
				CLANG_WARN_CONSTANT_CONVERSION = YES;
				CLANG_WARN_DIRECT_OBJC_ISA_USAGE = YES_ERROR;
				CLANG_WARN_EMPTY_BODY = YES;
				CLANG_WARN_ENUM_CONVERSION = YES;
				CLANG_WARN_INT_CONVERSION = YES;
				CLANG_WARN_OBJC_ROOT_CLASS = YES_ERROR;
				CLANG_WARN_UNREACHABLE_CODE = YES;
				CLANG_WARN__DUPLICATE_METHOD_MATCH = YES;
				"CODE_SIGN_IDENTITY[sdk=iphoneos*]" = "iPhone Developer";
				COPY_PHASE_STRIP = NO;
				DEBUG_INFORMATION_FORMAT = dwarf;
				ENABLE_STRICT_OBJC_MSGSEND = YES;
				ENABLE_TESTABILITY = YES;
				GCC_C_LANGUAGE_STANDARD = gnu99;
				GCC_DYNAMIC_NO_PIC = NO;
				GCC_NO_COMMON_BLOCKS = YES;
				GCC_OPTIMIZATION_LEVEL = 0;
				GCC_PREPROCESSOR_DEFINITIONS = (
					"DEBUG=1",
					"$(inherited)",
				);
				GCC_WARN_64_TO_32_BIT_CONVERSION = YES;
				GCC_WARN_ABOUT_RETURN_TYPE = YES_ERROR;
				GCC_WARN_UNDECLARED_SELECTOR = YES;
				GCC_WARN_UNINITIALIZED_AUTOS = YES_AGGRESSIVE;
				GCC_WARN_UNUSED_FUNCTION = YES;
				GCC_WARN_UNUSED_VARIABLE = YES;
				IPHONEOS_DEPLOYMENT_TARGET = 9.1;
				MTL_ENABLE_DEBUG_INFO = YES;
				ONLY_ACTIVE_ARCH = YES;
				SDKROOT = iphoneos;
				SWIFT_OPTIMIZATION_LEVEL = "-Onone";
			};
			name = Debug;
		};
		F447918C1C0A2BD5002CF94F /* Release */ = {
			isa = XCBuildConfiguration;
			buildSettings = {
				ALWAYS_SEARCH_USER_PATHS = NO;
				CLANG_CXX_LANGUAGE_STANDARD = "gnu++0x";
				CLANG_CXX_LIBRARY = "libc++";
				CLANG_ENABLE_MODULES = YES;
				CLANG_ENABLE_OBJC_ARC = YES;
				CLANG_WARN_BOOL_CONVERSION = YES;
				CLANG_WARN_CONSTANT_CONVERSION = YES;
				CLANG_WARN_DIRECT_OBJC_ISA_USAGE = YES_ERROR;
				CLANG_WARN_EMPTY_BODY = YES;
				CLANG_WARN_ENUM_CONVERSION = YES;
				CLANG_WARN_INT_CONVERSION = YES;
				CLANG_WARN_OBJC_ROOT_CLASS = YES_ERROR;
				CLANG_WARN_UNREACHABLE_CODE = YES;
				CLANG_WARN__DUPLICATE_METHOD_MATCH = YES;
				"CODE_SIGN_IDENTITY[sdk=iphoneos*]" = "iPhone Developer";
				COPY_PHASE_STRIP = NO;
				DEBUG_INFORMATION_FORMAT = "dwarf-with-dsym";
				ENABLE_NS_ASSERTIONS = NO;
				ENABLE_STRICT_OBJC_MSGSEND = YES;
				GCC_C_LANGUAGE_STANDARD = gnu99;
				GCC_NO_COMMON_BLOCKS = YES;
				GCC_WARN_64_TO_32_BIT_CONVERSION = YES;
				GCC_WARN_ABOUT_RETURN_TYPE = YES_ERROR;
				GCC_WARN_UNDECLARED_SELECTOR = YES;
				GCC_WARN_UNINITIALIZED_AUTOS = YES_AGGRESSIVE;
				GCC_WARN_UNUSED_FUNCTION = YES;
				GCC_WARN_UNUSED_VARIABLE = YES;
				IPHONEOS_DEPLOYMENT_TARGET = 9.1;
				MTL_ENABLE_DEBUG_INFO = NO;
				SDKROOT = iphoneos;
				VALIDATE_PRODUCT = YES;
			};
			name = Release;
		};
		F447918E1C0A2BD5002CF94F /* Debug */ = {
			isa = XCBuildConfiguration;
			buildSettings = {
				ASSETCATALOG_COMPILER_APPICON_NAME = AppIcon;
				CLANG_ALLOW_NON_MODULAR_INCLUDES_IN_FRAMEWORK_MODULES = YES;
				FRAMEWORK_SEARCH_PATHS = (
					"$(inherited)",
					"$(PROJECT_DIR)",
				);
				INFOPLIST_FILE = OnTheMap/Info.plist;
				LD_RUNPATH_SEARCH_PATHS = "$(inherited) @executable_path/Frameworks";
				PRODUCT_BUNDLE_IDENTIFIER = TK.OnTheMap;
				PRODUCT_NAME = "$(TARGET_NAME)";
			};
			name = Debug;
		};
		F447918F1C0A2BD5002CF94F /* Release */ = {
			isa = XCBuildConfiguration;
			buildSettings = {
				ASSETCATALOG_COMPILER_APPICON_NAME = AppIcon;
				CLANG_ALLOW_NON_MODULAR_INCLUDES_IN_FRAMEWORK_MODULES = YES;
				FRAMEWORK_SEARCH_PATHS = (
					"$(inherited)",
					"$(PROJECT_DIR)",
				);
				INFOPLIST_FILE = OnTheMap/Info.plist;
				LD_RUNPATH_SEARCH_PATHS = "$(inherited) @executable_path/Frameworks";
				PRODUCT_BUNDLE_IDENTIFIER = TK.OnTheMap;
				PRODUCT_NAME = "$(TARGET_NAME)";
			};
			name = Release;
		};
/* End XCBuildConfiguration section */

/* Begin XCConfigurationList section */
		F44791761C0A2BD5002CF94F /* Build configuration list for PBXProject "OnTheMap" */ = {
			isa = XCConfigurationList;
			buildConfigurations = (
				F447918B1C0A2BD5002CF94F /* Debug */,
				F447918C1C0A2BD5002CF94F /* Release */,
			);
			defaultConfigurationIsVisible = 0;
			defaultConfigurationName = Release;
		};
		F447918D1C0A2BD5002CF94F /* Build configuration list for PBXNativeTarget "OnTheMap" */ = {
			isa = XCConfigurationList;
			buildConfigurations = (
				F447918E1C0A2BD5002CF94F /* Debug */,
				F447918F1C0A2BD5002CF94F /* Release */,
			);
			defaultConfigurationIsVisible = 0;
			defaultConfigurationName = Release;
		};
/* End XCConfigurationList section */
	};
	rootObject = F44791731C0A2BD5002CF94F /* Project object */;
}
